
Microsoft Visual Studio Solution File, Format Version 12.00
# Visual Studio Version 17
VisualStudioVersion = 17.1.32210.238
MinimumVisualStudioVersion = 10.0.40219.1
Project("{FAE04EC0-301F-11D3-BF4B-00C04F79EFBC}") = "vtproject", "YazılımMühBanka\vtproject.csproj", "{B340767F-60BA-4EE2-911B-07970B2E0FB0}"
EndProject
Global
	GlobalSection(SolutionConfigurationPlatforms) = preSolution
		Debug|Any CPU = Debug|Any CPU
		Release|Any CPU = Release|Any CPU
	EndGlobalSection
	GlobalSection(ProjectConfigurationPlatforms) = postSolution
		{B340767F-60BA-4EE2-911B-07970B2E0FB0}.Debug|Any CPU.ActiveCfg = Debug|Any CPU
		{B340767F-60BA-4EE2-911B-07970B2E0FB0}.Debug|Any CPU.Build.0 = Debug|Any CPU
		{B340767F-60BA-4EE2-911B-07970B2E0FB0}.Release|Any CPU.ActiveCfg = Release|Any CPU
		{B340767F-60BA-4EE2-911B-07970B2E0FB0}.Release|Any CPU.Build.0 = Release|Any CPU
	EndGlobalSection
	GlobalSection(SolutionProperties) = preSolution
		HideSolutionNode = FALSE
	EndGlobalSection
	GlobalSection(ExtensibilityGlobals) = postSolution
		SolutionGuid = {7C2A5FFF-1CD2-4656-A512-7389DE95EAAD}
	EndGlobalSection
EndGlobal
